DEPENDENCIES
  java
  opennms
  pris
    path: .
    metadata: true
  pris_test
    path: test/fixtures/cookbooks/pris_test

GRAPH
  apt (2.9.2)
  build-essential (2.2.4)
  chef-sugar (3.1.1)
  hostsfile (2.4.5)
  java (1.36.0)
    apt (>= 0.0.0)
  opennms (16.1.2)
    build-essential (>= 0.0.0)
    hostsfile (>= 0.0.0)
    java (>= 0.0.0)
    yum (>= 0.0.0)
  openssl (4.4.0)
    chef-sugar (>= 3.1.1)
  postgresql (3.4.21)
    apt (>= 1.9.0)
    build-essential (>= 0.0.0)
    openssl (~> 4.0)
  pris (0.1.0)
  pris_test (0.1.0)
    opennms (>= 0.0.0)
    postgresql (>= 0.0.0)
    pris (>= 0.0.0)
  yum (3.8.2)
